
Microsoft Visual Studio Solution File, Format Version 12.00
# Visual Studio Version 16
VisualStudioVersion = 16.0.30128.74
MinimumVisualStudioVersion = 10.0.40219.1
Project("{8BC9CEB8-8B4A-11D0-8D11-00A0C91BC942}") = "Gray", "Gray\Gray.vcxproj", "{E13DD637-5C8D-4F4E-BBC7-662A944DB99C}"
EndProject
Project("{8BC9CEB8-8B4A-11D0-8D11-00A0C91BC942}") = "Drawing", "Drawing\Drawing.vcxproj", "{7325E5F8-EDB2-4E9D-8452-210679C64132}"
EndProject
Project("{8BC9CEB8-8B4A-11D0-8D11-00A0C91BC942}") = "Brightness_Control", "Brightness_Control\Brightness_Control.vcxproj", "{5E4A356B-6804-4CA6-9B6E-94C1E51114A1}"
EndProject
Project("{8BC9CEB8-8B4A-11D0-8D11-00A0C91BC942}") = "Print_Attributes", "Print_Attributes\Print_Attributes.vcxproj", "{7316DFAA-82A9-4F6A-BCD9-723CC865CC75}"
EndProject
Project("{8BC9CEB8-8B4A-11D0-8D11-00A0C91BC942}") = "Create_Mat", "Create_Mat\Create_Mat.vcxproj", "{96B92781-C9BC-49CD-A97A-F191C11DBE68}"
EndProject
Project("{8BC9CEB8-8B4A-11D0-8D11-00A0C91BC942}") = "Brighter", "Brighter\Brighter.vcxproj", "{EF2895A1-A783-40FF-B6D1-BDF29460A58E}"
EndProject
Project("{8BC9CEB8-8B4A-11D0-8D11-00A0C91BC942}") = "Brighter_Using_Pointer", "Brighter_Using_Pointer\Brighter_Using_Pointer.vcxproj", "{CC59DA41-984B-4834-A3C5-11B637DAD0E5}"
EndProject
Project("{8BC9CEB8-8B4A-11D0-8D11-00A0C91BC942}") = "Brightness_Control2", "Brightness_Control2\Brightness_Control2.vcxproj", "{AF749D5D-298A-40FC-8E49-E08306125B19}"
EndProject
Project("{8BC9CEB8-8B4A-11D0-8D11-00A0C91BC942}") = "Linear_Contrast_Enhancement", "Linear_Contrast_Enhancement\Linear_Contrast_Enhancement.vcxproj", "{EDE86692-C405-4DF4-AF14-8AB4C4B1BB85}"
EndProject
Project("{8BC9CEB8-8B4A-11D0-8D11-00A0C91BC942}") = "Thresholding", "Thresholding\Thresholding.vcxproj", "{FF69DD22-5A3E-44DD-9894-9034341F9481}"
EndProject
Project("{8BC9CEB8-8B4A-11D0-8D11-00A0C91BC942}") = "Reverse_Mapping_Expansion", "Reverse_Mapping\Reverse_Mapping.vcxproj", "{8A065437-D1F7-4D96-9E3A-69F8A27B1BAD}"
EndProject
Project("{8BC9CEB8-8B4A-11D0-8D11-00A0C91BC942}") = "Nearest_Neighbor_Interpolation", "Nearest_Neighbor_Interpolation\Nearest_Neighbor_Interpolation.vcxproj", "{C75F1EEB-9538-4041-ACAA-0764D78507BF}"
EndProject
Project("{8BC9CEB8-8B4A-11D0-8D11-00A0C91BC942}") = "Image_Parallel_Shift", "Image_Parallel_Shift\Image_Parallel_Shift.vcxproj", "{064D3F37-BAD8-4411-9D28-32CA6FAF2DEC}"
EndProject
Project("{8BC9CEB8-8B4A-11D0-8D11-00A0C91BC942}") = "Image_Rotation", "Image_Rotation\Image_Rotation.vcxproj", "{BE7415C3-2347-42E3-84E4-1B72092C914E}"
EndProject
Project("{8BC9CEB8-8B4A-11D0-8D11-00A0C91BC942}") = "Reverse_Mapping_Rotation", "Reverse_Mapping_Rotation\Reverse_Mapping_Rotation.vcxproj", "{73F7DDEB-0220-4D3E-91A5-3D385138E0FB}"
EndProject
Project("{8BC9CEB8-8B4A-11D0-8D11-00A0C91BC942}") = "Bilinear_Interpolation", "Bilinear_Interpolation\Bilinear_Interpolation.vcxproj", "{CEB29558-56D0-4DC3-A313-1B96B647D5A7}"
EndProject
Project("{8BC9CEB8-8B4A-11D0-8D11-00A0C91BC942}") = "Image_Reflection", "Image_Reflection\Image_Reflection.vcxproj", "{3C6E5501-D84D-4A18-8FE1-B25C7FED4668}"
EndProject
Global
	GlobalSection(SolutionConfigurationPlatforms) = preSolution
		Debug|x64 = Debug|x64
		Debug|x86 = Debug|x86
		Release|x64 = Release|x64
		Release|x86 = Release|x86
	EndGlobalSection
	GlobalSection(ProjectConfigurationPlatforms) = postSolution
		{E13DD637-5C8D-4F4E-BBC7-662A944DB99C}.Debug|x64.ActiveCfg = Debug|x64
		{E13DD637-5C8D-4F4E-BBC7-662A944DB99C}.Debug|x64.Build.0 = Debug|x64
		{E13DD637-5C8D-4F4E-BBC7-662A944DB99C}.Debug|x86.ActiveCfg = Debug|Win32
		{E13DD637-5C8D-4F4E-BBC7-662A944DB99C}.Debug|x86.Build.0 = Debug|Win32
		{E13DD637-5C8D-4F4E-BBC7-662A944DB99C}.Release|x64.ActiveCfg = Release|x64
		{E13DD637-5C8D-4F4E-BBC7-662A944DB99C}.Release|x64.Build.0 = Release|x64
		{E13DD637-5C8D-4F4E-BBC7-662A944DB99C}.Release|x86.ActiveCfg = Release|Win32
		{E13DD637-5C8D-4F4E-BBC7-662A944DB99C}.Release|x86.Build.0 = Release|Win32
		{7325E5F8-EDB2-4E9D-8452-210679C64132}.Debug|x64.ActiveCfg = Debug|x64
		{7325E5F8-EDB2-4E9D-8452-210679C64132}.Debug|x64.Build.0 = Debug|x64
		{7325E5F8-EDB2-4E9D-8452-210679C64132}.Debug|x86.ActiveCfg = Debug|Win32
		{7325E5F8-EDB2-4E9D-8452-210679C64132}.Debug|x86.Build.0 = Debug|Win32
		{7325E5F8-EDB2-4E9D-8452-210679C64132}.Release|x64.ActiveCfg = Release|x64
		{7325E5F8-EDB2-4E9D-8452-210679C64132}.Release|x64.Build.0 = Release|x64
		{7325E5F8-EDB2-4E9D-8452-210679C64132}.Release|x86.ActiveCfg = Release|Win32
		{7325E5F8-EDB2-4E9D-8452-210679C64132}.Release|x86.Build.0 = Release|Win32
		{5E4A356B-6804-4CA6-9B6E-94C1E51114A1}.Debug|x64.ActiveCfg = Debug|x64
		{5E4A356B-6804-4CA6-9B6E-94C1E51114A1}.Debug|x64.Build.0 = Debug|x64
		{5E4A356B-6804-4CA6-9B6E-94C1E51114A1}.Debug|x86.ActiveCfg = Debug|Win32
		{5E4A356B-6804-4CA6-9B6E-94C1E51114A1}.Debug|x86.Build.0 = Debug|Win32
		{5E4A356B-6804-4CA6-9B6E-94C1E51114A1}.Release|x64.ActiveCfg = Release|x64
		{5E4A356B-6804-4CA6-9B6E-94C1E51114A1}.Release|x64.Build.0 = Release|x64
		{5E4A356B-6804-4CA6-9B6E-94C1E51114A1}.Release|x86.ActiveCfg = Release|Win32
		{5E4A356B-6804-4CA6-9B6E-94C1E51114A1}.Release|x86.Build.0 = Release|Win32
		{7316DFAA-82A9-4F6A-BCD9-723CC865CC75}.Debug|x64.ActiveCfg = Debug|x64
		{7316DFAA-82A9-4F6A-BCD9-723CC865CC75}.Debug|x64.Build.0 = Debug|x64
		{7316DFAA-82A9-4F6A-BCD9-723CC865CC75}.Debug|x86.ActiveCfg = Debug|Win32
		{7316DFAA-82A9-4F6A-BCD9-723CC865CC75}.Debug|x86.Build.0 = Debug|Win32
		{7316DFAA-82A9-4F6A-BCD9-723CC865CC75}.Release|x64.ActiveCfg = Release|x64
		{7316DFAA-82A9-4F6A-BCD9-723CC865CC75}.Release|x64.Build.0 = Release|x64
		{7316DFAA-82A9-4F6A-BCD9-723CC865CC75}.Release|x86.ActiveCfg = Release|Win32
		{7316DFAA-82A9-4F6A-BCD9-723CC865CC75}.Release|x86.Build.0 = Release|Win32
		{96B92781-C9BC-49CD-A97A-F191C11DBE68}.Debug|x64.ActiveCfg = Debug|x64
		{96B92781-C9BC-49CD-A97A-F191C11DBE68}.Debug|x64.Build.0 = Debug|x64
		{96B92781-C9BC-49CD-A97A-F191C11DBE68}.Debug|x86.ActiveCfg = Debug|Win32
		{96B92781-C9BC-49CD-A97A-F191C11DBE68}.Debug|x86.Build.0 = Debug|Win32
		{96B92781-C9BC-49CD-A97A-F191C11DBE68}.Release|x64.ActiveCfg = Release|x64
		{96B92781-C9BC-49CD-A97A-F191C11DBE68}.Release|x64.Build.0 = Release|x64
		{96B92781-C9BC-49CD-A97A-F191C11DBE68}.Release|x86.ActiveCfg = Release|Win32
		{96B92781-C9BC-49CD-A97A-F191C11DBE68}.Release|x86.Build.0 = Release|Win32
		{EF2895A1-A783-40FF-B6D1-BDF29460A58E}.Debug|x64.ActiveCfg = Debug|x64
		{EF2895A1-A783-40FF-B6D1-BDF29460A58E}.Debug|x64.Build.0 = Debug|x64
		{EF2895A1-A783-40FF-B6D1-BDF29460A58E}.Debug|x86.ActiveCfg = Debug|Win32
		{EF2895A1-A783-40FF-B6D1-BDF29460A58E}.Debug|x86.Build.0 = Debug|Win32
		{EF2895A1-A783-40FF-B6D1-BDF29460A58E}.Release|x64.ActiveCfg = Release|x64
		{EF2895A1-A783-40FF-B6D1-BDF29460A58E}.Release|x64.Build.0 = Release|x64
		{EF2895A1-A783-40FF-B6D1-BDF29460A58E}.Release|x86.ActiveCfg = Release|Win32
		{EF2895A1-A783-40FF-B6D1-BDF29460A58E}.Release|x86.Build.0 = Release|Win32
		{CC59DA41-984B-4834-A3C5-11B637DAD0E5}.Debug|x64.ActiveCfg = Debug|x64
		{CC59DA41-984B-4834-A3C5-11B637DAD0E5}.Debug|x64.Build.0 = Debug|x64
		{CC59DA41-984B-4834-A3C5-11B637DAD0E5}.Debug|x86.ActiveCfg = Debug|Win32
		{CC59DA41-984B-4834-A3C5-11B637DAD0E5}.Debug|x86.Build.0 = Debug|Win32
		{CC59DA41-984B-4834-A3C5-11B637DAD0E5}.Release|x64.ActiveCfg = Release|x64
		{CC59DA41-984B-4834-A3C5-11B637DAD0E5}.Release|x64.Build.0 = Release|x64
		{CC59DA41-984B-4834-A3C5-11B637DAD0E5}.Release|x86.ActiveCfg = Release|Win32
		{CC59DA41-984B-4834-A3C5-11B637DAD0E5}.Release|x86.Build.0 = Release|Win32
		{AF749D5D-298A-40FC-8E49-E08306125B19}.Debug|x64.ActiveCfg = Debug|x64
		{AF749D5D-298A-40FC-8E49-E08306125B19}.Debug|x64.Build.0 = Debug|x64
		{AF749D5D-298A-40FC-8E49-E08306125B19}.Debug|x86.ActiveCfg = Debug|Win32
		{AF749D5D-298A-40FC-8E49-E08306125B19}.Debug|x86.Build.0 = Debug|Win32
		{AF749D5D-298A-40FC-8E49-E08306125B19}.Release|x64.ActiveCfg = Release|x64
		{AF749D5D-298A-40FC-8E49-E08306125B19}.Release|x64.Build.0 = Release|x64
		{AF749D5D-298A-40FC-8E49-E08306125B19}.Release|x86.ActiveCfg = Release|Win32
		{AF749D5D-298A-40FC-8E49-E08306125B19}.Release|x86.Build.0 = Release|Win32
		{EDE86692-C405-4DF4-AF14-8AB4C4B1BB85}.Debug|x64.ActiveCfg = Debug|x64
		{EDE86692-C405-4DF4-AF14-8AB4C4B1BB85}.Debug|x64.Build.0 = Debug|x64
		{EDE86692-C405-4DF4-AF14-8AB4C4B1BB85}.Debug|x86.ActiveCfg = Debug|Win32
		{EDE86692-C405-4DF4-AF14-8AB4C4B1BB85}.Debug|x86.Build.0 = Debug|Win32
		{EDE86692-C405-4DF4-AF14-8AB4C4B1BB85}.Release|x64.ActiveCfg = Release|x64
		{EDE86692-C405-4DF4-AF14-8AB4C4B1BB85}.Release|x64.Build.0 = Release|x64
		{EDE86692-C405-4DF4-AF14-8AB4C4B1BB85}.Release|x86.ActiveCfg = Release|Win32
		{EDE86692-C405-4DF4-AF14-8AB4C4B1BB85}.Release|x86.Build.0 = Release|Win32
		{FF69DD22-5A3E-44DD-9894-9034341F9481}.Debug|x64.ActiveCfg = Debug|x64
		{FF69DD22-5A3E-44DD-9894-9034341F9481}.Debug|x64.Build.0 = Debug|x64
		{FF69DD22-5A3E-44DD-9894-9034341F9481}.Debug|x86.ActiveCfg = Debug|Win32
		{FF69DD22-5A3E-44DD-9894-9034341F9481}.Debug|x86.Build.0 = Debug|Win32
		{FF69DD22-5A3E-44DD-9894-9034341F9481}.Release|x64.ActiveCfg = Release|x64
		{FF69DD22-5A3E-44DD-9894-9034341F9481}.Release|x64.Build.0 = Release|x64
		{FF69DD22-5A3E-44DD-9894-9034341F9481}.Release|x86.ActiveCfg = Release|Win32
		{FF69DD22-5A3E-44DD-9894-9034341F9481}.Release|x86.Build.0 = Release|Win32
		{8A065437-D1F7-4D96-9E3A-69F8A27B1BAD}.Debug|x64.ActiveCfg = Debug|x64
		{8A065437-D1F7-4D96-9E3A-69F8A27B1BAD}.Debug|x64.Build.0 = Debug|x64
		{8A065437-D1F7-4D96-9E3A-69F8A27B1BAD}.Debug|x86.ActiveCfg = Debug|Win32
		{8A065437-D1F7-4D96-9E3A-69F8A27B1BAD}.Debug|x86.Build.0 = Debug|Win32
		{8A065437-D1F7-4D96-9E3A-69F8A27B1BAD}.Release|x64.ActiveCfg = Release|x64
		{8A065437-D1F7-4D96-9E3A-69F8A27B1BAD}.Release|x64.Build.0 = Release|x64
		{8A065437-D1F7-4D96-9E3A-69F8A27B1BAD}.Release|x86.ActiveCfg = Release|Win32
		{8A065437-D1F7-4D96-9E3A-69F8A27B1BAD}.Release|x86.Build.0 = Release|Win32
		{C75F1EEB-9538-4041-ACAA-0764D78507BF}.Debug|x64.ActiveCfg = Debug|x64
		{C75F1EEB-9538-4041-ACAA-0764D78507BF}.Debug|x64.Build.0 = Debug|x64
		{C75F1EEB-9538-4041-ACAA-0764D78507BF}.Debug|x86.ActiveCfg = Debug|Win32
		{C75F1EEB-9538-4041-ACAA-0764D78507BF}.Debug|x86.Build.0 = Debug|Win32
		{C75F1EEB-9538-4041-ACAA-0764D78507BF}.Release|x64.ActiveCfg = Release|x64
		{C75F1EEB-9538-4041-ACAA-0764D78507BF}.Release|x64.Build.0 = Release|x64
		{C75F1EEB-9538-4041-ACAA-0764D78507BF}.Release|x86.ActiveCfg = Release|Win32
		{C75F1EEB-9538-4041-ACAA-0764D78507BF}.Release|x86.Build.0 = Release|Win32
		{064D3F37-BAD8-4411-9D28-32CA6FAF2DEC}.Debug|x64.ActiveCfg = Debug|x64
		{064D3F37-BAD8-4411-9D28-32CA6FAF2DEC}.Debug|x64.Build.0 = Debug|x64
		{064D3F37-BAD8-4411-9D28-32CA6FAF2DEC}.Debug|x86.ActiveCfg = Debug|Win32
		{064D3F37-BAD8-4411-9D28-32CA6FAF2DEC}.Debug|x86.Build.0 = Debug|Win32
		{064D3F37-BAD8-4411-9D28-32CA6FAF2DEC}.Release|x64.ActiveCfg = Release|x64
		{064D3F37-BAD8-4411-9D28-32CA6FAF2DEC}.Release|x64.Build.0 = Release|x64
		{064D3F37-BAD8-4411-9D28-32CA6FAF2DEC}.Release|x86.ActiveCfg = Release|Win32
		{064D3F37-BAD8-4411-9D28-32CA6FAF2DEC}.Release|x86.Build.0 = Release|Win32
		{BE7415C3-2347-42E3-84E4-1B72092C914E}.Debug|x64.ActiveCfg = Debug|x64
		{BE7415C3-2347-42E3-84E4-1B72092C914E}.Debug|x64.Build.0 = Debug|x64
		{BE7415C3-2347-42E3-84E4-1B72092C914E}.Debug|x86.ActiveCfg = Debug|Win32
		{BE7415C3-2347-42E3-84E4-1B72092C914E}.Debug|x86.Build.0 = Debug|Win32
		{BE7415C3-2347-42E3-84E4-1B72092C914E}.Release|x64.ActiveCfg = Release|x64
		{BE7415C3-2347-42E3-84E4-1B72092C914E}.Release|x64.Build.0 = Release|x64
		{BE7415C3-2347-42E3-84E4-1B72092C914E}.Release|x86.ActiveCfg = Release|Win32
		{BE7415C3-2347-42E3-84E4-1B72092C914E}.Release|x86.Build.0 = Release|Win32
		{73F7DDEB-0220-4D3E-91A5-3D385138E0FB}.Debug|x64.ActiveCfg = Debug|x64
		{73F7DDEB-0220-4D3E-91A5-3D385138E0FB}.Debug|x64.Build.0 = Debug|x64
		{73F7DDEB-0220-4D3E-91A5-3D385138E0FB}.Debug|x86.ActiveCfg = Debug|Win32
		{73F7DDEB-0220-4D3E-91A5-3D385138E0FB}.Debug|x86.Build.0 = Debug|Win32
		{73F7DDEB-0220-4D3E-91A5-3D385138E0FB}.Release|x64.ActiveCfg = Release|x64
		{73F7DDEB-0220-4D3E-91A5-3D385138E0FB}.Release|x64.Build.0 = Release|x64
		{73F7DDEB-0220-4D3E-91A5-3D385138E0FB}.Release|x86.ActiveCfg = Release|Win32
		{73F7DDEB-0220-4D3E-91A5-3D385138E0FB}.Release|x86.Build.0 = Release|Win32
		{CEB29558-56D0-4DC3-A313-1B96B647D5A7}.Debug|x64.ActiveCfg = Debug|x64
		{CEB29558-56D0-4DC3-A313-1B96B647D5A7}.Debug|x64.Build.0 = Debug|x64
		{CEB29558-56D0-4DC3-A313-1B96B647D5A7}.Debug|x86.ActiveCfg = Debug|Win32
		{CEB29558-56D0-4DC3-A313-1B96B647D5A7}.Debug|x86.Build.0 = Debug|Win32
		{CEB29558-56D0-4DC3-A313-1B96B647D5A7}.Release|x64.ActiveCfg = Release|x64
		{CEB29558-56D0-4DC3-A313-1B96B647D5A7}.Release|x64.Build.0 = Release|x64
		{CEB29558-56D0-4DC3-A313-1B96B647D5A7}.Release|x86.ActiveCfg = Release|Win32
		{CEB29558-56D0-4DC3-A313-1B96B647D5A7}.Release|x86.Build.0 = Release|Win32
		{3C6E5501-D84D-4A18-8FE1-B25C7FED4668}.Debug|x64.ActiveCfg = Debug|x64
		{3C6E5501-D84D-4A18-8FE1-B25C7FED4668}.Debug|x64.Build.0 = Debug|x64
		{3C6E5501-D84D-4A18-8FE1-B25C7FED4668}.Debug|x86.ActiveCfg = Debug|Win32
		{3C6E5501-D84D-4A18-8FE1-B25C7FED4668}.Debug|x86.Build.0 = Debug|Win32
		{3C6E5501-D84D-4A18-8FE1-B25C7FED4668}.Release|x64.ActiveCfg = Release|x64
		{3C6E5501-D84D-4A18-8FE1-B25C7FED4668}.Release|x64.Build.0 = Release|x64
		{3C6E5501-D84D-4A18-8FE1-B25C7FED4668}.Release|x86.ActiveCfg = Release|Win32
		{3C6E5501-D84D-4A18-8FE1-B25C7FED4668}.Release|x86.Build.0 = Release|Win32
	EndGlobalSection
	GlobalSection(SolutionProperties) = preSolution
		HideSolutionNode = FALSE
	EndGlobalSection
	GlobalSection(ExtensibilityGlobals) = postSolution
		SolutionGuid = {14B293A6-8FF7-4CF6-AFD1-00C9D428A6E2}
	EndGlobalSection
EndGlobal
